
Microsoft Visual Studio Solution File, Format Version 12.00
# Visual Studio Version 17
VisualStudioVersion = 17.12.35707.178
MinimumVisualStudioVersion = 10.0.40219.1
Project("{FAE04EC0-301F-11D3-BF4B-00C04F79EFBC}") = "OldPhonePad.Domain", "OldPhonePad.Domain\OldPhonePad.Domain.csproj", "{B89506D4-FF87-4ED5-8B29-E7401E280AA7}"
EndProject
Project("{FAE04EC0-301F-11D3-BF4B-00C04F79EFBC}") = "OldPhonePad.Infrastructure", "OldPhonePad.Infrastructure\OldPhonePad.Infrastructure.csproj", "{F9A9ACE6-ECB8-47C6-A18E-C193794D875A}"
EndProject
Project("{FAE04EC0-301F-11D3-BF4B-00C04F79EFBC}") = "OldPhonePad.Application", "OldPhonePad.Application\OldPhonePad.Application.csproj", "{D5A8751E-6749-4D09-A3E7-93CA6D4D7B9B}"
EndProject
Project("{FAE04EC0-301F-11D3-BF4B-00C04F79EFBC}") = "OldPhonePad.Api", "OldPhonePad.Api\OldPhonePad.Api.csproj", "{5FC00084-E500-40FB-BFC4-DEEA80462812}"
EndProject
Project("{FAE04EC0-301F-11D3-BF4B-00C04F79EFBC}") = "OldPhonePad.Tests", "OldPhonePad.Tests\OldPhonePad.Tests.csproj", "{414DD79A-9979-45F1-B2DF-2481D286CF9B}"
EndProject
Project("{2150E333-8FDC-42A3-9474-1A3956D46DE8}") = "Solution Items", "Solution Items", "{5CC52149-C972-477F-970B-42D16742B33D}"
	ProjectSection(SolutionItems) = preProject
		README.md = README.md
	EndProjectSection
EndProject
Project("{2150E333-8FDC-42A3-9474-1A3956D46DE8}") = "photos", "photos", "{5194ED2C-A1DC-4EDA-BE86-69895C9E3F78}"
	ProjectSection(SolutionItems) = preProject
		photos\api_1.png = photos\api_1.png
		photos\api_2.png = photos\api_2.png
	EndProjectSection
EndProject
Global
	GlobalSection(SolutionConfigurationPlatforms) = preSolution
		Debug|Any CPU = Debug|Any CPU
		Release|Any CPU = Release|Any CPU
	EndGlobalSection
	GlobalSection(ProjectConfigurationPlatforms) = postSolution
		{B89506D4-FF87-4ED5-8B29-E7401E280AA7}.Debug|Any CPU.ActiveCfg = Debug|Any CPU
		{B89506D4-FF87-4ED5-8B29-E7401E280AA7}.Debug|Any CPU.Build.0 = Debug|Any CPU
		{B89506D4-FF87-4ED5-8B29-E7401E280AA7}.Release|Any CPU.ActiveCfg = Release|Any CPU
		{B89506D4-FF87-4ED5-8B29-E7401E280AA7}.Release|Any CPU.Build.0 = Release|Any CPU
		{F9A9ACE6-ECB8-47C6-A18E-C193794D875A}.Debug|Any CPU.ActiveCfg = Debug|Any CPU
		{F9A9ACE6-ECB8-47C6-A18E-C193794D875A}.Debug|Any CPU.Build.0 = Debug|Any CPU
		{F9A9ACE6-ECB8-47C6-A18E-C193794D875A}.Release|Any CPU.ActiveCfg = Release|Any CPU
		{F9A9ACE6-ECB8-47C6-A18E-C193794D875A}.Release|Any CPU.Build.0 = Release|Any CPU
		{D5A8751E-6749-4D09-A3E7-93CA6D4D7B9B}.Debug|Any CPU.ActiveCfg = Debug|Any CPU
		{D5A8751E-6749-4D09-A3E7-93CA6D4D7B9B}.Debug|Any CPU.Build.0 = Debug|Any CPU
		{D5A8751E-6749-4D09-A3E7-93CA6D4D7B9B}.Release|Any CPU.ActiveCfg = Release|Any CPU
		{D5A8751E-6749-4D09-A3E7-93CA6D4D7B9B}.Release|Any CPU.Build.0 = Release|Any CPU
		{5FC00084-E500-40FB-BFC4-DEEA80462812}.Debug|Any CPU.ActiveCfg = Debug|Any CPU
		{5FC00084-E500-40FB-BFC4-DEEA80462812}.Debug|Any CPU.Build.0 = Debug|Any CPU
		{5FC00084-E500-40FB-BFC4-DEEA80462812}.Release|Any CPU.ActiveCfg = Release|Any CPU
		{5FC00084-E500-40FB-BFC4-DEEA80462812}.Release|Any CPU.Build.0 = Release|Any CPU
		{414DD79A-9979-45F1-B2DF-2481D286CF9B}.Debug|Any CPU.ActiveCfg = Debug|Any CPU
		{414DD79A-9979-45F1-B2DF-2481D286CF9B}.Debug|Any CPU.Build.0 = Debug|Any CPU
		{414DD79A-9979-45F1-B2DF-2481D286CF9B}.Release|Any CPU.ActiveCfg = Release|Any CPU
		{414DD79A-9979-45F1-B2DF-2481D286CF9B}.Release|Any CPU.Build.0 = Release|Any CPU
	EndGlobalSection
	GlobalSection(SolutionProperties) = preSolution
		HideSolutionNode = FALSE
	EndGlobalSection
EndGlobal
